
Microsoft Visual Studio Solution File, Format Version 12.00
# Visual Studio Version 16
VisualStudioVersion = 16.0.30711.63
MinimumVisualStudioVersion = 10.0.40219.1
Project("{FAE04EC0-301F-11D3-BF4B-00C04F79EFBC}") = "Domen", "Domen\Domen.csproj", "{255C6BA8-4361-4C8C-9EE5-8B04F8601DCB}"
EndProject
Project("{FAE04EC0-301F-11D3-BF4B-00C04F79EFBC}") = "Klijent", "Klijent\Klijent.csproj", "{F8F8059B-E132-44F8-BB29-15F1B802C5CF}"
EndProject
Project("{FAE04EC0-301F-11D3-BF4B-00C04F79EFBC}") = "Server", "Server\Server.csproj", "{F673C79C-78D9-435F-95CD-9D92D8ADF504}"
EndProject
Global
	GlobalSection(SolutionConfigurationPlatforms) = preSolution
		Debug|Any CPU = Debug|Any CPU
		Release|Any CPU = Release|Any CPU
	EndGlobalSection
	GlobalSection(ProjectConfigurationPlatforms) = postSolution
		{255C6BA8-4361-4C8C-9EE5-8B04F8601DCB}.Debug|Any CPU.ActiveCfg = Debug|Any CPU
		{255C6BA8-4361-4C8C-9EE5-8B04F8601DCB}.Debug|Any CPU.Build.0 = Debug|Any CPU
		{255C6BA8-4361-4C8C-9EE5-8B04F8601DCB}.Release|Any CPU.ActiveCfg = Release|Any CPU
		{255C6BA8-4361-4C8C-9EE5-8B04F8601DCB}.Release|Any CPU.Build.0 = Release|Any CPU
		{F8F8059B-E132-44F8-BB29-15F1B802C5CF}.Debug|Any CPU.ActiveCfg = Debug|Any CPU
		{F8F8059B-E132-44F8-BB29-15F1B802C5CF}.Debug|Any CPU.Build.0 = Debug|Any CPU
		{F8F8059B-E132-44F8-BB29-15F1B802C5CF}.Release|Any CPU.ActiveCfg = Release|Any CPU
		{F8F8059B-E132-44F8-BB29-15F1B802C5CF}.Release|Any CPU.Build.0 = Release|Any CPU
		{F673C79C-78D9-435F-95CD-9D92D8ADF504}.Debug|Any CPU.ActiveCfg = Debug|Any CPU
		{F673C79C-78D9-435F-95CD-9D92D8ADF504}.Debug|Any CPU.Build.0 = Debug|Any CPU
		{F673C79C-78D9-435F-95CD-9D92D8ADF504}.Release|Any CPU.ActiveCfg = Release|Any CPU
		{F673C79C-78D9-435F-95CD-9D92D8ADF504}.Release|Any CPU.Build.0 = Release|Any CPU
	EndGlobalSection
	GlobalSection(SolutionProperties) = preSolution
		HideSolutionNode = FALSE
	EndGlobalSection
	GlobalSection(ExtensibilityGlobals) = postSolution
		SolutionGuid = {03226945-1B7E-4235-8EFE-7F3C7AE01D31}
	EndGlobalSection
EndGlobal
